
Microsoft Visual Studio Solution File, Format Version 12.00
# Visual Studio 2013
VisualStudioVersion = 12.0.31101.0
MinimumVisualStudioVersion = 10.0.40219.1
Project("{FAE04EC0-301F-11D3-BF4B-00C04F79EFBC}") = "KataSorting", "KataSorting\KataSorting.csproj", "{FF3A693C-90FB-4A5D-8F5C-DD202EEEBB97}"
EndProject
Project("{FAE04EC0-301F-11D3-BF4B-00C04F79EFBC}") = "KataSorting.Tests", "KataSorting.Tests\KataSorting.Tests.csproj", "{1DA6EE1A-F6D0-4ABE-9E97-988971A1C9B4}"
EndProject
Project("{2150E333-8FDC-42A3-9474-1A3956D46DE8}") = ".nuget", ".nuget", "{96FB4C89-FE14-4F26-8543-711FE6C941D9}"
	ProjectSection(SolutionItems) = preProject
		.nuget\NuGet.Config = .nuget\NuGet.Config
		.nuget\NuGet.exe = .nuget\NuGet.exe
		.nuget\NuGet.targets = .nuget\NuGet.targets
	EndProjectSection
EndProject
Global
	GlobalSection(SolutionConfigurationPlatforms) = preSolution
		Debug|Any CPU = Debug|Any CPU
		Debug|x86 = Debug|x86
		Release|Any CPU = Release|Any CPU
		Release|x86 = Release|x86
	EndGlobalSection
	GlobalSection(ProjectConfigurationPlatforms) = postSolution
		{FF3A693C-90FB-4A5D-8F5C-DD202EEEBB97}.Debug|Any CPU.ActiveCfg = Debug|Any CPU
		{FF3A693C-90FB-4A5D-8F5C-DD202EEEBB97}.Debug|Any CPU.Build.0 = Debug|Any CPU
		{FF3A693C-90FB-4A5D-8F5C-DD202EEEBB97}.Debug|x86.ActiveCfg = Debug|x86
		{FF3A693C-90FB-4A5D-8F5C-DD202EEEBB97}.Debug|x86.Build.0 = Debug|x86
		{FF3A693C-90FB-4A5D-8F5C-DD202EEEBB97}.Release|Any CPU.ActiveCfg = Release|Any CPU
		{FF3A693C-90FB-4A5D-8F5C-DD202EEEBB97}.Release|Any CPU.Build.0 = Release|Any CPU
		{FF3A693C-90FB-4A5D-8F5C-DD202EEEBB97}.Release|x86.ActiveCfg = Release|x86
		{FF3A693C-90FB-4A5D-8F5C-DD202EEEBB97}.Release|x86.Build.0 = Release|x86
		{1DA6EE1A-F6D0-4ABE-9E97-988971A1C9B4}.Debug|Any CPU.ActiveCfg = Debug|Any CPU
		{1DA6EE1A-F6D0-4ABE-9E97-988971A1C9B4}.Debug|Any CPU.Build.0 = Debug|Any CPU
		{1DA6EE1A-F6D0-4ABE-9E97-988971A1C9B4}.Debug|x86.ActiveCfg = Debug|x86
		{1DA6EE1A-F6D0-4ABE-9E97-988971A1C9B4}.Debug|x86.Build.0 = Debug|x86
		{1DA6EE1A-F6D0-4ABE-9E97-988971A1C9B4}.Release|Any CPU.ActiveCfg = Release|Any CPU
		{1DA6EE1A-F6D0-4ABE-9E97-988971A1C9B4}.Release|Any CPU.Build.0 = Release|Any CPU
		{1DA6EE1A-F6D0-4ABE-9E97-988971A1C9B4}.Release|x86.ActiveCfg = Release|x86
		{1DA6EE1A-F6D0-4ABE-9E97-988971A1C9B4}.Release|x86.Build.0 = Release|x86
	EndGlobalSection
	GlobalSection(SolutionProperties) = preSolution
		HideSolutionNode = FALSE
	EndGlobalSection
EndGlobal
