
Microsoft Visual Studio Solution File, Format Version 12.00
# Visual Studio 2013
VisualStudioVersion = 12.0.31101.0
MinimumVisualStudioVersion = 10.0.40219.1
Project("{FAE04EC0-301F-11D3-BF4B-00C04F79EFBC}") = "KataGameOfLife", "KataGameOfLife\KataGameOfLife.csproj", "{57C1224E-8564-4804-A311-EDD86ECF72E9}"
EndProject
Project("{FAE04EC0-301F-11D3-BF4B-00C04F79EFBC}") = "KataGameOfLife.Tests", "KataGameOfLife.Tests\KataGameOfLife.Tests.csproj", "{1E458490-3D00-4A98-A083-BB33D6815A57}"
EndProject
Project("{2150E333-8FDC-42A3-9474-1A3956D46DE8}") = "Solution Items", "Solution Items", "{D412BD2C-E4A0-4A5F-928B-628A03244B1C}"
	ProjectSection(SolutionItems) = preProject
		ReadMe.md = ReadMe.md
	EndProjectSection
EndProject
Project("{2150E333-8FDC-42A3-9474-1A3956D46DE8}") = ".nuget", ".nuget", "{AA245CF9-992E-4B54-AE32-9EA6D6E39EB9}"
	ProjectSection(SolutionItems) = preProject
		.nuget\NuGet.Config = .nuget\NuGet.Config
		.nuget\NuGet.exe = .nuget\NuGet.exe
		.nuget\NuGet.targets = .nuget\NuGet.targets
	EndProjectSection
EndProject
Global
	GlobalSection(SolutionConfigurationPlatforms) = preSolution
		Debug|Any CPU = Debug|Any CPU
		Release|Any CPU = Release|Any CPU
	EndGlobalSection
	GlobalSection(ProjectConfigurationPlatforms) = postSolution
		{57C1224E-8564-4804-A311-EDD86ECF72E9}.Debug|Any CPU.ActiveCfg = Debug|Any CPU
		{57C1224E-8564-4804-A311-EDD86ECF72E9}.Debug|Any CPU.Build.0 = Debug|Any CPU
		{57C1224E-8564-4804-A311-EDD86ECF72E9}.Release|Any CPU.ActiveCfg = Release|Any CPU
		{57C1224E-8564-4804-A311-EDD86ECF72E9}.Release|Any CPU.Build.0 = Release|Any CPU
		{1E458490-3D00-4A98-A083-BB33D6815A57}.Debug|Any CPU.ActiveCfg = Debug|Any CPU
		{1E458490-3D00-4A98-A083-BB33D6815A57}.Debug|Any CPU.Build.0 = Debug|Any CPU
		{1E458490-3D00-4A98-A083-BB33D6815A57}.Release|Any CPU.ActiveCfg = Release|Any CPU
		{1E458490-3D00-4A98-A083-BB33D6815A57}.Release|Any CPU.Build.0 = Release|Any CPU
	EndGlobalSection
	GlobalSection(SolutionProperties) = preSolution
		HideSolutionNode = FALSE
	EndGlobalSection
EndGlobal
